<Solution>
  <Folder Name="/solution/">
    <File Path="Directory.Build.props" />
    <File Path="Directory.Packages.props" />
    <File Path="README.md" />
    <File Path="TODO.md" />
  </Folder>
  <Folder Name="/src/">
    <Project Path="src/BeefWeb/BeefWeb.csproj" />
  </Folder>
  <Folder Name="/tests/">
    <Project Path="tests/BeefWeb.Tests/BeefWeb.Tests.csproj" />
  </Folder>
</Solution>
